
Microsoft Visual Studio Solution File, Format Version 12.00
# Visual Studio Version 17
VisualStudioVersion = 17.11.35312.102
MinimumVisualStudioVersion = 10.0.40219.1
Project("{FAE04EC0-301F-11D3-BF4B-00C04F79EFBC}") = "Admin", "Admin\Admin.csproj", "{80C18674-4137-48B5-92FA-F05494370417}"
EndProject
Global
	GlobalSection(SolutionConfigurationPlatforms) = preSolution
		Debug|Any CPU = Debug|Any CPU
		Release|Any CPU = Release|Any CPU
	EndGlobalSection
	GlobalSection(ProjectConfigurationPlatforms) = postSolution
		{80C18674-4137-48B5-92FA-F05494370417}.Debug|Any CPU.ActiveCfg = Debug|Any CPU
		{80C18674-4137-48B5-92FA-F05494370417}.Debug|Any CPU.Build.0 = Debug|Any CPU
		{80C18674-4137-48B5-92FA-F05494370417}.Release|Any CPU.ActiveCfg = Release|Any CPU
		{80C18674-4137-48B5-92FA-F05494370417}.Release|Any CPU.Build.0 = Release|Any CPU
	EndGlobalSection
	GlobalSection(SolutionProperties) = preSolution
		HideSolutionNode = FALSE
	EndGlobalSection
	GlobalSection(ExtensibilityGlobals) = postSolution
		SolutionGuid = {BDCB88AE-DE06-49CB-9A80-AE7237F2EC52}
	EndGlobalSection
EndGlobal
